
Microsoft Visual Studio Solution File, Format Version 12.00
# Visual Studio Version 17
VisualStudioVersion = 17.11.35327.3
MinimumVisualStudioVersion = 10.0.40219.1
Project("{888888A0-9F3D-457C-B088-3A5042F75D52}") = "EasyErrorHandler", "EasyErrorHandler\EasyErrorHandler.pyproj", "{080C4E6F-4A4D-4A93-BE68-C05ABAF998B3}"
EndProject
Global
	GlobalSection(SolutionConfigurationPlatforms) = preSolution
		Debug|Any CPU = Debug|Any CPU
		Release|Any CPU = Release|Any CPU
	EndGlobalSection
	GlobalSection(ProjectConfigurationPlatforms) = postSolution
		{080C4E6F-4A4D-4A93-BE68-C05ABAF998B3}.Debug|Any CPU.ActiveCfg = Debug|Any CPU
		{080C4E6F-4A4D-4A93-BE68-C05ABAF998B3}.Release|Any CPU.ActiveCfg = Release|Any CPU
	EndGlobalSection
	GlobalSection(SolutionProperties) = preSolution
		HideSolutionNode = FALSE
	EndGlobalSection
	GlobalSection(ExtensibilityGlobals) = postSolution
		SolutionGuid = {45BF7903-9077-4AD3-AEDA-39F6320E54F5}
	EndGlobalSection
EndGlobal
